// !$*UTF8*$!
{
	archiveVersion = 1;
	classes = {
	};
	objectVersion = 51;
	objects = {

/* Begin PBXBuildFile section */
		2709F90928CD62E20022B4D3 /* spring.gif in Resources */ = {isa = PBXBuildFile; fileRef = 2709F90828CD62E20022B4D3 /* spring.gif */; };
		2709F90D28CD63EA0022B4D3 /* summer.gif in Resources */ = {isa = PBXBuildFile; fileRef = 2709F90C28CD63EA0022B4D3 /* summer.gif */; };
		2709F91928CD6B110022B4D3 /* fall.gif in Resources */ = {isa = PBXBuildFile; fileRef = 2709F91828CD6B110022B4D3 /* fall.gif */; };
		2709F91B28CD6D4D0022B4D3 /* halloween.gif in Resources */ = {isa = PBXBuildFile; fileRef = 2709F91A28CD6D4D0022B4D3 /* halloween.gif */; };
		2709F92128CD71AE0022B4D3 /* snowfall.gif in Resources */ = {isa = PBXBuildFile; fileRef = 2709F92028CD71AE0022B4D3 /* snowfall.gif */; };
		2709F92528CD73E10022B4D3 /* hearts.gif in Resources */ = {isa = PBXBuildFile; fileRef = 2709F92428CD73E10022B4D3 /* hearts.gif */; };
		272BA654282D40E0009BA067 /* (null) in Embed Frameworks */ = {isa = PBXBuildFile; settings = {ATTRIBUTES = (CodeSignOnCopy, RemoveHeadersOnCopy, ); }; };
		278AFAF9288C1C2800E64F23 /* ThroughDateVC.swift in Sources */ = {isa = PBXBuildFile; fileRef = 278AFAF8288C1C2800E64F23 /* ThroughDateVC.swift */; };
		278AFAFB288C1F1400E64F23 /* ImageVC.swift in Sources */ = {isa = PBXBuildFile; fileRef = 278AFAFA288C1F1400E64F23 /* ImageVC.swift */; };
		2792D7C128B4562800DBA403 /* BusScheduleVC.swift in Sources */ = {isa = PBXBuildFile; fileRef = 2792D7C028B4562800DBA403 /* BusScheduleVC.swift */; };
		27AEED53288B32C600C6176C /* defaultVariables.swift in Sources */ = {isa = PBXBuildFile; fileRef = 27AEED52288B32C600C6176C /* defaultVariables.swift */; };
		27AEED55288B32E400C6176C /* TextEditVC.swift in Sources */ = {isa = PBXBuildFile; fileRef = 27AEED54288B32E400C6176C /* TextEditVC.swift */; };
		27AEED58288B334B00C6176C /* PersonPopupVC.swift in Sources */ = {isa = PBXBuildFile; fileRef = 27AEED57288B334B00C6176C /* PersonPopupVC.swift */; };
		27AEED5B288B338500C6176C /* ClassPopupVC.swift in Sources */ = {isa = PBXBuildFile; fileRef = 27AEED5A288B338500C6176C /* ClassPopupVC.swift */; };
		27AEED5D288B33BB00C6176C /* LunchMenuVC.swift in Sources */ = {isa = PBXBuildFile; fileRef = 27AEED5C288B33BB00C6176C /* LunchMenuVC.swift */; };
		27AEED60288B33F300C6176C /* coverTableViewCell.swift in Sources */ = {isa = PBXBuildFile; fileRef = 27AEED5F288B33F300C6176C /* coverTableViewCell.swift */; };
		27AEED62288B341100C6176C /* CalendarTableViewCell.swift in Sources */ = {isa = PBXBuildFile; fileRef = 27AEED61288B341100C6176C /* CalendarTableViewCell.swift */; };
		27AEED64288B344000C6176C /* blockTableViewCell.swift in Sources */ = {isa = PBXBuildFile; fileRef = 27AEED63288B344000C6176C /* blockTableViewCell.swift */; };
		27AEED66288B34A200C6176C /* editClassTableViewCell.swift in Sources */ = {isa = PBXBuildFile; fileRef = 27AEED65288B34A200C6176C /* editClassTableViewCell.swift */; };
		27AEED6A288B34E400C6176C /* ClassesOptionsPopupVC.swift in Sources */ = {isa = PBXBuildFile; fileRef = 27AEED69288B34E400C6176C /* ClassesOptionsPopupVC.swift */; };
		27AEED6C288B352100C6176C /* ClassNameVC.swift in Sources */ = {isa = PBXBuildFile; fileRef = 27AEED6B288B352100C6176C /* ClassNameVC.swift */; };
		27AEED6E288B353D00C6176C /* TeacherNameVC.swift in Sources */ = {isa = PBXBuildFile; fileRef = 27AEED6D288B353D00C6176C /* TeacherNameVC.swift */; };
		27AEED70288B355900C6176C /* RoomNumVC.swift in Sources */ = {isa = PBXBuildFile; fileRef = 27AEED6F288B355900C6176C /* RoomNumVC.swift */; };
		27AEED72288B359100C6176C /* DaySelectVC.swift in Sources */ = {isa = PBXBuildFile; fileRef = 27AEED71288B359100C6176C /* DaySelectVC.swift */; };
		27AEED74288B35B500C6176C /* TextFieldVC.swift in Sources */ = {isa = PBXBuildFile; fileRef = 27AEED73288B35B500C6176C /* TextFieldVC.swift */; };
		27AEED76288B35DD00C6176C /* AboutTableViewCell.swift in Sources */ = {isa = PBXBuildFile; fileRef = 27AEED75288B35DD00C6176C /* AboutTableViewCell.swift */; };
		27AEED78288B360900C6176C /* AboutUsVC.swift in Sources */ = {isa = PBXBuildFile; fileRef = 27AEED77288B360900C6176C /* AboutUsVC.swift */; };
		27AEED7A288B363300C6176C /* CreditsVC.swift in Sources */ = {isa = PBXBuildFile; fileRef = 27AEED79288B363300C6176C /* CreditsVC.swift */; };
		27AEED7C288B365300C6176C /* ProfileTableViewCell.swift in Sources */ = {isa = PBXBuildFile; fileRef = 27AEED7B288B365300C6176C /* ProfileTableViewCell.swift */; };
		27AEED7E288B367C00C6176C /* SettingsBlockTableViewCell.swift in Sources */ = {isa = PBXBuildFile; fileRef = 27AEED7D288B367C00C6176C /* SettingsBlockTableViewCell.swift */; };
		27AEED81288B374A00C6176C /* detailedWorkVC.swift in Sources */ = {isa = PBXBuildFile; fileRef = 27AEED80288B374A00C6176C /* detailedWorkVC.swift */; };
		27AEED84288B377600C6176C /* HomeworkDueDateVC.swift in Sources */ = {isa = PBXBuildFile; fileRef = 27AEED83288B377600C6176C /* HomeworkDueDateVC.swift */; };
		27AEED86288B379A00C6176C /* HomeworkInfoVC.swift in Sources */ = {isa = PBXBuildFile; fileRef = 27AEED85288B379A00C6176C /* HomeworkInfoVC.swift */; };
		27AEED88288B37B700C6176C /* HomeworkTitleVC.swift in Sources */ = {isa = PBXBuildFile; fileRef = 27AEED87288B37B700C6176C /* HomeworkTitleVC.swift */; };
		27AEED8A288B37E600C6176C /* TaskCell.swift in Sources */ = {isa = PBXBuildFile; fileRef = 27AEED89288B37E600C6176C /* TaskCell.swift */; };
		27B0DB7F288B025D009C32B8 /* AuthVC.swift in Sources */ = {isa = PBXBuildFile; fileRef = 27B0DB7E288B025D009C32B8 /* AuthVC.swift */; };
		27B0DB81288B0DBD009C32B8 /* Structs.swift in Sources */ = {isa = PBXBuildFile; fileRef = 27B0DB80288B0DBD009C32B8 /* Structs.swift */; };
		27B8BCDD285CA60400892509 /* SideMenuVC.swift in Sources */ = {isa = PBXBuildFile; fileRef = 27B8BCDC285CA60400892509 /* SideMenuVC.swift */; };
		575B54522BBD79A3E37DD92A /* Pods_BBNDaily_BBNDailyUITests.framework in Frameworks */ = {isa = PBXBuildFile; fileRef = 3DE87013AE3DFCBABCE30513 /* Pods_BBNDaily_BBNDailyUITests.framework */; };
		8704E96E26EEA5B9001826F8 /* LoginVC.swift in Sources */ = {isa = PBXBuildFile; fileRef = 8704E96D26EEA5B9001826F8 /* LoginVC.swift */; };
		8704E97026EEA5E9001826F8 /* Extensions.swift in Sources */ = {isa = PBXBuildFile; fileRef = 8704E96F26EEA5E9001826F8 /* Extensions.swift */; };
		8704E97226EEA617001826F8 /* Settings.swift in Sources */ = {isa = PBXBuildFile; fileRef = 8704E97126EEA617001826F8 /* Settings.swift */; };
		8704E97426EEA663001826F8 /* LaunchVC.swift in Sources */ = {isa = PBXBuildFile; fileRef = 8704E97326EEA663001826F8 /* LaunchVC.swift */; };
		8704E97626EEA686001826F8 /* CalendarVC.swift in Sources */ = {isa = PBXBuildFile; fileRef = 8704E97526EEA686001826F8 /* CalendarVC.swift */; };
		8704E97826EEA6F2001826F8 /* NewspapersVC.swift in Sources */ = {isa = PBXBuildFile; fileRef = 8704E97726EEA6F2001826F8 /* NewspapersVC.swift */; };
		8704E97A26EEA6FC001826F8 /* NewsVC.swift in Sources */ = {isa = PBXBuildFile; fileRef = 8704E97926EEA6FC001826F8 /* NewsVC.swift */; };
		8738377727EA48DE00CABF47 /* SecretSchedule.swift in Sources */ = {isa = PBXBuildFile; fileRef = 8738377627EA48DE00CABF47 /* SecretSchedule.swift */; };
		87507FC726E6ADEB005DDFB4 /* AppDelegate.swift in Sources */ = {isa = PBXBuildFile; fileRef = 87507FC626E6ADEB005DDFB4 /* AppDelegate.swift */; };
		87507FC926E6ADEB005DDFB4 /* SceneDelegate.swift in Sources */ = {isa = PBXBuildFile; fileRef = 87507FC826E6ADEB005DDFB4 /* SceneDelegate.swift */; };
		87507FCE26E6ADEB005DDFB4 /* Main.storyboard in Resources */ = {isa = PBXBuildFile; fileRef = 87507FCC26E6ADEB005DDFB4 /* Main.storyboard */; };
		87507FD026E6ADEB005DDFB4 /* Assets.xcassets in Resources */ = {isa = PBXBuildFile; fileRef = 87507FCF26E6ADEB005DDFB4 /* Assets.xcassets */; };
		87507FD326E6ADEB005DDFB4 /* LaunchScreen.storyboard in Resources */ = {isa = PBXBuildFile; fileRef = 87507FD126E6ADEB005DDFB4 /* LaunchScreen.storyboard */; };
		87507FDE26E6ADEB005DDFB4 /* BBNDailyTests.swift in Sources */ = {isa = PBXBuildFile; fileRef = 87507FDD26E6ADEB005DDFB4 /* BBNDailyTests.swift */; };
		87507FE926E6ADEB005DDFB4 /* BBNDailyUITests.swift in Sources */ = {isa = PBXBuildFile; fileRef = 87507FE826E6ADEB005DDFB4 /* BBNDailyUITests.swift */; };
		8761CA7226F29D3B00CADE56 /* MapsVC.swift in Sources */ = {isa = PBXBuildFile; fileRef = 8761CA7126F29D3B00CADE56 /* MapsVC.swift */; };
		877ED46F27093827007FE2E5 /* WidgetKit.framework in Frameworks */ = {isa = PBXBuildFile; fileRef = 870CBB1227090AEC00363BF4 /* WidgetKit.framework */; };
		877ED47027093827007FE2E5 /* SwiftUI.framework in Frameworks */ = {isa = PBXBuildFile; fileRef = 870CBB1427090AEC00363BF4 /* SwiftUI.framework */; };
		877ED47327093827007FE2E5 /* BBNDailyWidget.swift in Sources */ = {isa = PBXBuildFile; fileRef = 877ED47227093827007FE2E5 /* BBNDailyWidget.swift */; };
		877ED47627093828007FE2E5 /* Assets.xcassets in Resources */ = {isa = PBXBuildFile; fileRef = 877ED47527093828007FE2E5 /* Assets.xcassets */; };
		877ED47827093828007FE2E5 /* BBNDailyWidget.intentdefinition in Sources */ = {isa = PBXBuildFile; fileRef = 877ED47427093827007FE2E5 /* BBNDailyWidget.intentdefinition */; };
		877ED47927093828007FE2E5 /* BBNDailyWidget.intentdefinition in Sources */ = {isa = PBXBuildFile; fileRef = 877ED47427093827007FE2E5 /* BBNDailyWidget.intentdefinition */; };
		877ED47C27093828007FE2E5 /* BBNDailyWidgetExtension.appex in Embed App Extensions */ = {isa = PBXBuildFile; fileRef = 877ED46E27093827007FE2E5 /* BBNDailyWidgetExtension.appex */; settings = {ATTRIBUTES = (RemoveHeadersOnCopy, ); }; };
		87AAFC4327062AC6006AF8DC /* demo.gif in Resources */ = {isa = PBXBuildFile; fileRef = 87AAFC4227062AC6006AF8DC /* demo.gif */; };
		87D3254526E6BCB5009B28CB /* GoogleService-Info.plist in Resources */ = {isa = PBXBuildFile; fileRef = 87D3254426E6BCB5009B28CB /* GoogleService-Info.plist */; };
		87D3D39027A8512000E3A1E1 /* WorkVC.swift in Sources */ = {isa = PBXBuildFile; fileRef = 87D3D38F27A8512000E3A1E1 /* WorkVC.swift */; };
		87FDD7BE285E36B300E07ABA /* SideMenuCell.xib in Resources */ = {isa = PBXBuildFile; fileRef = 87FDD7BD285E36B300E07ABA /* SideMenuCell.xib */; };
		CDFE6FE9F6EDD086E3156298 /* Pods_BBNDailyTests.framework in Frameworks */ = {isa = PBXBuildFile; fileRef = C1C38801EED401BB43CE1C9D /* Pods_BBNDailyTests.framework */; };
		EF1ED314B4FBE54628BB60F5 /* Pods_BBNDaily.framework in Frameworks */ = {isa = PBXBuildFile; fileRef = 3D8A3874AC8A6627A5F1F250 /* Pods_BBNDaily.framework */; };
/* End PBXBuildFile section */

/* Begin PBXContainerItemProxy section */
		87507FDA26E6ADEB005DDFB4 /* PBXContainerItemProxy */ = {
			isa = PBXContainerItemProxy;
			containerPortal = 87507FBB26E6ADEA005DDFB4 /* Project object */;
			proxyType = 1;
			remoteGlobalIDString = 87507FC226E6ADEB005DDFB4;
			remoteInfo = BBNDaily;
		};
		87507FE526E6ADEB005DDFB4 /* PBXContainerItemProxy */ = {
			isa = PBXContainerItemProxy;
			containerPortal = 87507FBB26E6ADEA005DDFB4 /* Project object */;
			proxyType = 1;
			remoteGlobalIDString = 87507FC226E6ADEB005DDFB4;
			remoteInfo = BBNDaily;
		};
		877ED47A27093828007FE2E5 /* PBXContainerItemProxy */ = {
			isa = PBXContainerItemProxy;
			containerPortal = 87507FBB26E6ADEA005DDFB4 /* Project object */;
			proxyType = 1;
			remoteGlobalIDString = 877ED46D27093827007FE2E5;
			remoteInfo = BBNDailyWidgetExtension;
		};
/* End PBXContainerItemProxy section */

/* Begin PBXCopyFilesBuildPhase section */
		272BA655282D40E0009BA067 /* Embed Frameworks */ = {
			isa = PBXCopyFilesBuildPhase;
			buildActionMask = 2147483647;
			dstPath = "";
			dstSubfolderSpec = 10;
			files = (
				272BA654282D40E0009BA067 /* (null) in Embed Frameworks */,
			);
			name = "Embed Frameworks";
			runOnlyForDeploymentPostprocessing = 0;
		};
		870CBB2227090AEE00363BF4 /* Embed App Extensions */ = {
			isa = PBXCopyFilesBuildPhase;
			buildActionMask = 8;
			dstPath = "";
			dstSubfolderSpec = 13;
			files = (
				877ED47C27093828007FE2E5 /* BBNDailyWidgetExtension.appex in Embed App Extensions */,
			);
			name = "Embed App Extensions";
			runOnlyForDeploymentPostprocessing = 1;
		};
		87244E092829C24C00F997A1 /* Embed Watch Content */ = {
			isa = PBXCopyFilesBuildPhase;
			buildActionMask = 2147483647;
			dstPath = "$(CONTENTS_FOLDER_PATH)/Watch";
			dstSubfolderSpec = 16;
			files = (
			);
			name = "Embed Watch Content";
			runOnlyForDeploymentPostprocessing = 0;
		};
/* End PBXCopyFilesBuildPhase section */

/* Begin PBXFileReference section */
		2709F90828CD62E20022B4D3 /* spring.gif */ = {isa = PBXFileReference; lastKnownFileType = image.gif; path = spring.gif; sourceTree = "<group>"; };
		2709F90C28CD63EA0022B4D3 /* summer.gif */ = {isa = PBXFileReference; lastKnownFileType = image.gif; path = summer.gif; sourceTree = "<group>"; };
		2709F91828CD6B110022B4D3 /* fall.gif */ = {isa = PBXFileReference; lastKnownFileType = image.gif; path = fall.gif; sourceTree = "<group>"; };
		2709F91A28CD6D4D0022B4D3 /* halloween.gif */ = {isa = PBXFileReference; lastKnownFileType = image.gif; path = halloween.gif; sourceTree = "<group>"; };
		2709F92028CD71AE0022B4D3 /* snowfall.gif */ = {isa = PBXFileReference; lastKnownFileType = image.gif; path = snowfall.gif; sourceTree = "<group>"; };
		2709F92428CD73E10022B4D3 /* hearts.gif */ = {isa = PBXFileReference; lastKnownFileType = image.gif; path = hearts.gif; sourceTree = "<group>"; };
		278AFAF8288C1C2800E64F23 /* ThroughDateVC.swift */ = {isa = PBXFileReference; lastKnownFileType = sourcecode.swift; path = ThroughDateVC.swift; sourceTree = "<group>"; };
		278AFAFA288C1F1400E64F23 /* ImageVC.swift */ = {isa = PBXFileReference; lastKnownFileType = sourcecode.swift; path = ImageVC.swift; sourceTree = "<group>"; };
		2792D7C028B4562800DBA403 /* BusScheduleVC.swift */ = {isa = PBXFileReference; lastKnownFileType = sourcecode.swift; path = BusScheduleVC.swift; sourceTree = "<group>"; };
		27AEED52288B32C600C6176C /* defaultVariables.swift */ = {isa = PBXFileReference; lastKnownFileType = sourcecode.swift; path = defaultVariables.swift; sourceTree = "<group>"; };
		27AEED54288B32E400C6176C /* TextEditVC.swift */ = {isa = PBXFileReference; lastKnownFileType = sourcecode.swift; path = TextEditVC.swift; sourceTree = "<group>"; };
		27AEED57288B334B00C6176C /* PersonPopupVC.swift */ = {isa = PBXFileReference; lastKnownFileType = sourcecode.swift; path = PersonPopupVC.swift; sourceTree = "<group>"; };
		27AEED5A288B338500C6176C /* ClassPopupVC.swift */ = {isa = PBXFileReference; lastKnownFileType = sourcecode.swift; path = ClassPopupVC.swift; sourceTree = "<group>"; };
		27AEED5C288B33BB00C6176C /* LunchMenuVC.swift */ = {isa = PBXFileReference; lastKnownFileType = sourcecode.swift; path = LunchMenuVC.swift; sourceTree = "<group>"; };
		27AEED5F288B33F300C6176C /* coverTableViewCell.swift */ = {isa = PBXFileReference; lastKnownFileType = sourcecode.swift; path = coverTableViewCell.swift; sourceTree = "<group>"; };
		27AEED61288B341100C6176C /* CalendarTableViewCell.swift */ = {isa = PBXFileReference; lastKnownFileType = sourcecode.swift; path = CalendarTableViewCell.swift; sourceTree = "<group>"; };
		27AEED63288B344000C6176C /* blockTableViewCell.swift */ = {isa = PBXFileReference; lastKnownFileType = sourcecode.swift; path = blockTableViewCell.swift; sourceTree = "<group>"; };
		27AEED65288B34A200C6176C /* editClassTableViewCell.swift */ = {isa = PBXFileReference; lastKnownFileType = sourcecode.swift; path = editClassTableViewCell.swift; sourceTree = "<group>"; };
		27AEED69288B34E400C6176C /* ClassesOptionsPopupVC.swift */ = {isa = PBXFileReference; lastKnownFileType = sourcecode.swift; path = ClassesOptionsPopupVC.swift; sourceTree = "<group>"; };
		27AEED6B288B352100C6176C /* ClassNameVC.swift */ = {isa = PBXFileReference; lastKnownFileType = sourcecode.swift; path = ClassNameVC.swift; sourceTree = "<group>"; };
		27AEED6D288B353D00C6176C /* TeacherNameVC.swift */ = {isa = PBXFileReference; lastKnownFileType = sourcecode.swift; path = TeacherNameVC.swift; sourceTree = "<group>"; };
		27AEED6F288B355900C6176C /* RoomNumVC.swift */ = {isa = PBXFileReference; lastKnownFileType = sourcecode.swift; path = RoomNumVC.swift; sourceTree = "<group>"; };
		27AEED71288B359100C6176C /* DaySelectVC.swift */ = {isa = PBXFileReference; lastKnownFileType = sourcecode.swift; path = DaySelectVC.swift; sourceTree = "<group>"; };
		27AEED73288B35B500C6176C /* TextFieldVC.swift */ = {isa = PBXFileReference; lastKnownFileType = sourcecode.swift; path = TextFieldVC.swift; sourceTree = "<group>"; };
		27AEED75288B35DD00C6176C /* AboutTableViewCell.swift */ = {isa = PBXFileReference; lastKnownFileType = sourcecode.swift; path = AboutTableViewCell.swift; sourceTree = "<group>"; };
		27AEED77288B360900C6176C /* AboutUsVC.swift */ = {isa = PBXFileReference; lastKnownFileType = sourcecode.swift; path = AboutUsVC.swift; sourceTree = "<group>"; };
		27AEED79288B363300C6176C /* CreditsVC.swift */ = {isa = PBXFileReference; lastKnownFileType = sourcecode.swift; path = CreditsVC.swift; sourceTree = "<group>"; };
		27AEED7B288B365300C6176C /* ProfileTableViewCell.swift */ = {isa = PBXFileReference; lastKnownFileType = sourcecode.swift; path = ProfileTableViewCell.swift; sourceTree = "<group>"; };
		27AEED7D288B367C00C6176C /* SettingsBlockTableViewCell.swift */ = {isa = PBXFileReference; lastKnownFileType = sourcecode.swift; path = SettingsBlockTableViewCell.swift; sourceTree = "<group>"; };
		27AEED80288B374A00C6176C /* detailedWorkVC.swift */ = {isa = PBXFileReference; lastKnownFileType = sourcecode.swift; path = detailedWorkVC.swift; sourceTree = "<group>"; };
		27AEED83288B377600C6176C /* HomeworkDueDateVC.swift */ = {isa = PBXFileReference; lastKnownFileType = sourcecode.swift; path = HomeworkDueDateVC.swift; sourceTree = "<group>"; };
		27AEED85288B379A00C6176C /* HomeworkInfoVC.swift */ = {isa = PBXFileReference; lastKnownFileType = sourcecode.swift; path = HomeworkInfoVC.swift; sourceTree = "<group>"; };
		27AEED87288B37B700C6176C /* HomeworkTitleVC.swift */ = {isa = PBXFileReference; lastKnownFileType = sourcecode.swift; path = HomeworkTitleVC.swift; sourceTree = "<group>"; };
		27AEED89288B37E600C6176C /* TaskCell.swift */ = {isa = PBXFileReference; lastKnownFileType = sourcecode.swift; path = TaskCell.swift; sourceTree = "<group>"; };
		27B0DB7E288B025D009C32B8 /* AuthVC.swift */ = {isa = PBXFileReference; lastKnownFileType = sourcecode.swift; path = AuthVC.swift; sourceTree = "<group>"; };
		27B0DB80288B0DBD009C32B8 /* Structs.swift */ = {isa = PBXFileReference; lastKnownFileType = sourcecode.swift; path = Structs.swift; sourceTree = "<group>"; };
		27B8BCDC285CA60400892509 /* SideMenuVC.swift */ = {isa = PBXFileReference; lastKnownFileType = sourcecode.swift; path = SideMenuVC.swift; sourceTree = "<group>"; };
		2C43EF9E1A98BB5802BFD7DC /* Pods-BBNDailyTests.release.xcconfig */ = {isa = PBXFileReference; includeInIndex = 1; lastKnownFileType = text.xcconfig; name = "Pods-BBNDailyTests.release.xcconfig"; path = "Target Support Files/Pods-BBNDailyTests/Pods-BBNDailyTests.release.xcconfig"; sourceTree = "<group>"; };
		3D8A3874AC8A6627A5F1F250 /* Pods_BBNDaily.framework */ = {isa = PBXFileReference; explicitFileType = wrapper.framework; includeInIndex = 0; path = Pods_BBNDaily.framework; sourceTree = BUILT_PRODUCTS_DIR; };
		3DE87013AE3DFCBABCE30513 /* Pods_BBNDaily_BBNDailyUITests.framework */ = {isa = PBXFileReference; explicitFileType = wrapper.framework; includeInIndex = 0; path = Pods_BBNDaily_BBNDailyUITests.framework; sourceTree = BUILT_PRODUCTS_DIR; };
		3F5747F2EF3CD94501F0E916 /* Pods-BBNDaily.release.xcconfig */ = {isa = PBXFileReference; includeInIndex = 1; lastKnownFileType = text.xcconfig; name = "Pods-BBNDaily.release.xcconfig"; path = "Target Support Files/Pods-BBNDaily/Pods-BBNDaily.release.xcconfig"; sourceTree = "<group>"; };
		8704E96D26EEA5B9001826F8 /* LoginVC.swift */ = {isa = PBXFileReference; lastKnownFileType = sourcecode.swift; path = LoginVC.swift; sourceTree = "<group>"; };
		8704E96F26EEA5E9001826F8 /* Extensions.swift */ = {isa = PBXFileReference; lastKnownFileType = sourcecode.swift; path = Extensions.swift; sourceTree = "<group>"; };
		8704E97126EEA617001826F8 /* Settings.swift */ = {isa = PBXFileReference; lastKnownFileType = sourcecode.swift; path = Settings.swift; sourceTree = "<group>"; };
		8704E97326EEA663001826F8 /* LaunchVC.swift */ = {isa = PBXFileReference; lastKnownFileType = sourcecode.swift; path = LaunchVC.swift; sourceTree = "<group>"; };
		8704E97526EEA686001826F8 /* CalendarVC.swift */ = {isa = PBXFileReference; lastKnownFileType = sourcecode.swift; path = CalendarVC.swift; sourceTree = "<group>"; };
		8704E97726EEA6F2001826F8 /* NewspapersVC.swift */ = {isa = PBXFileReference; lastKnownFileType = sourcecode.swift; path = NewspapersVC.swift; sourceTree = "<group>"; };
		8704E97926EEA6FC001826F8 /* NewsVC.swift */ = {isa = PBXFileReference; lastKnownFileType = sourcecode.swift; path = NewsVC.swift; sourceTree = "<group>"; };
		87078D2726F0DCC00061E9AF /* BBNDaily.entitlements */ = {isa = PBXFileReference; lastKnownFileType = text.plist.entitlements; path = BBNDaily.entitlements; sourceTree = "<group>"; };
		870CBB1227090AEC00363BF4 /* WidgetKit.framework */ = {isa = PBXFileReference; lastKnownFileType = wrapper.framework; name = WidgetKit.framework; path = System/Library/Frameworks/WidgetKit.framework; sourceTree = SDKROOT; };
		870CBB1427090AEC00363BF4 /* SwiftUI.framework */ = {isa = PBXFileReference; lastKnownFileType = wrapper.framework; name = SwiftUI.framework; path = System/Library/Frameworks/SwiftUI.framework; sourceTree = SDKROOT; };
		8738377627EA48DE00CABF47 /* SecretSchedule.swift */ = {isa = PBXFileReference; lastKnownFileType = sourcecode.swift; path = SecretSchedule.swift; sourceTree = "<group>"; };
		87507FC326E6ADEB005DDFB4 /* BBNDaily.app */ = {isa = PBXFileReference; explicitFileType = wrapper.application; includeInIndex = 0; path = BBNDaily.app; sourceTree = BUILT_PRODUCTS_DIR; };
		87507FC626E6ADEB005DDFB4 /* AppDelegate.swift */ = {isa = PBXFileReference; lastKnownFileType = sourcecode.swift; path = AppDelegate.swift; sourceTree = "<group>"; };
		87507FC826E6ADEB005DDFB4 /* SceneDelegate.swift */ = {isa = PBXFileReference; lastKnownFileType = sourcecode.swift; path = SceneDelegate.swift; sourceTree = "<group>"; };
		87507FCD26E6ADEB005DDFB4 /* Base */ = {isa = PBXFileReference; lastKnownFileType = file.storyboard; name = Base; path = Base.lproj/Main.storyboard; sourceTree = "<group>"; };
		87507FCF26E6ADEB005DDFB4 /* Assets.xcassets */ = {isa = PBXFileReference; lastKnownFileType = folder.assetcatalog; path = Assets.xcassets; sourceTree = "<group>"; };
		87507FD226E6ADEB005DDFB4 /* Base */ = {isa = PBXFileReference; lastKnownFileType = file.storyboard; name = Base; path = Base.lproj/LaunchScreen.storyboard; sourceTree = "<group>"; };
		87507FD426E6ADEB005DDFB4 /* Info.plist */ = {isa = PBXFileReference; lastKnownFileType = text.plist.xml; path = Info.plist; sourceTree = "<group>"; };
		87507FD926E6ADEB005DDFB4 /* BBNDailyTests.xctest */ = {isa = PBXFileReference; explicitFileType = wrapper.cfbundle; includeInIndex = 0; path = BBNDailyTests.xctest; sourceTree = BUILT_PRODUCTS_DIR; };
		87507FDD26E6ADEB005DDFB4 /* BBNDailyTests.swift */ = {isa = PBXFileReference; lastKnownFileType = sourcecode.swift; path = BBNDailyTests.swift; sourceTree = "<group>"; };
		87507FDF26E6ADEB005DDFB4 /* Info.plist */ = {isa = PBXFileReference; lastKnownFileType = text.plist.xml; path = Info.plist; sourceTree = "<group>"; };
		87507FE426E6ADEB005DDFB4 /* BBNDailyUITests.xctest */ = {isa = PBXFileReference; explicitFileType = wrapper.cfbundle; includeInIndex = 0; path = BBNDailyUITests.xctest; sourceTree = BUILT_PRODUCTS_DIR; };
		87507FE826E6ADEB005DDFB4 /* BBNDailyUITests.swift */ = {isa = PBXFileReference; lastKnownFileType = sourcecode.swift; path = BBNDailyUITests.swift; sourceTree = "<group>"; };
		87507FEA26E6ADEB005DDFB4 /* Info.plist */ = {isa = PBXFileReference; lastKnownFileType = text.plist.xml; path = Info.plist; sourceTree = "<group>"; };
		8761CA7126F29D3B00CADE56 /* MapsVC.swift */ = {isa = PBXFileReference; lastKnownFileType = sourcecode.swift; path = MapsVC.swift; sourceTree = "<group>"; };
		877ED46E27093827007FE2E5 /* BBNDailyWidgetExtension.appex */ = {isa = PBXFileReference; explicitFileType = "wrapper.app-extension"; includeInIndex = 0; path = BBNDailyWidgetExtension.appex; sourceTree = BUILT_PRODUCTS_DIR; };
		877ED47227093827007FE2E5 /* BBNDailyWidget.swift */ = {isa = PBXFileReference; lastKnownFileType = sourcecode.swift; path = BBNDailyWidget.swift; sourceTree = "<group>"; };
		877ED47427093827007FE2E5 /* BBNDailyWidget.intentdefinition */ = {isa = PBXFileReference; lastKnownFileType = file.intentdefinition; path = BBNDailyWidget.intentdefinition; sourceTree = "<group>"; };
		877ED47527093828007FE2E5 /* Assets.xcassets */ = {isa = PBXFileReference; lastKnownFileType = folder.assetcatalog; path = Assets.xcassets; sourceTree = "<group>"; };
		877ED47727093828007FE2E5 /* Info.plist */ = {isa = PBXFileReference; lastKnownFileType = text.plist.xml; path = Info.plist; sourceTree = "<group>"; };
		877ED4802709383C007FE2E5 /* BBNDailyWidgetExtension.entitlements */ = {isa = PBXFileReference; lastKnownFileType = text.plist.entitlements; path = BBNDailyWidgetExtension.entitlements; sourceTree = "<group>"; };
		87AAFC4227062AC6006AF8DC /* demo.gif */ = {isa = PBXFileReference; lastKnownFileType = image.gif; path = demo.gif; sourceTree = "<group>"; };
		87D3254426E6BCB5009B28CB /* GoogleService-Info.plist */ = {isa = PBXFileReference; fileEncoding = 4; lastKnownFileType = text.plist.xml; path = "GoogleService-Info.plist"; sourceTree = "<group>"; };
		87D3D38F27A8512000E3A1E1 /* WorkVC.swift */ = {isa = PBXFileReference; lastKnownFileType = sourcecode.swift; path = WorkVC.swift; sourceTree = "<group>"; };
		87FDD7BD285E36B300E07ABA /* SideMenuCell.xib */ = {isa = PBXFileReference; fileEncoding = 4; lastKnownFileType = file.xib; path = SideMenuCell.xib; sourceTree = "<group>"; };
		99F2D3B6E0D878CEB6203C60 /* Pods-BBNDaily-BBNDailyUITests.release.xcconfig */ = {isa = PBXFileReference; includeInIndex = 1; lastKnownFileType = text.xcconfig; name = "Pods-BBNDaily-BBNDailyUITests.release.xcconfig"; path = "Target Support Files/Pods-BBNDaily-BBNDailyUITests/Pods-BBNDaily-BBNDailyUITests.release.xcconfig"; sourceTree = "<group>"; };
		9D012EFADEEF0CAA7C676610 /* Pods-BBNDaily-BBNDailyUITests.debug.xcconfig */ = {isa = PBXFileReference; includeInIndex = 1; lastKnownFileType = text.xcconfig; name = "Pods-BBNDaily-BBNDailyUITests.debug.xcconfig"; path = "Target Support Files/Pods-BBNDaily-BBNDailyUITests/Pods-BBNDaily-BBNDailyUITests.debug.xcconfig"; sourceTree = "<group>"; };
		C035224FE950DF0A58734E47 /* Pods-BBNDailyTests.debug.xcconfig */ = {isa = PBXFileReference; includeInIndex = 1; lastKnownFileType = text.xcconfig; name = "Pods-BBNDailyTests.debug.xcconfig"; path = "Target Support Files/Pods-BBNDailyTests/Pods-BBNDailyTests.debug.xcconfig"; sourceTree = "<group>"; };
		C1C38801EED401BB43CE1C9D /* Pods_BBNDailyTests.framework */ = {isa = PBXFileReference; explicitFileType = wrapper.framework; includeInIndex = 0; path = Pods_BBNDailyTests.framework; sourceTree = BUILT_PRODUCTS_DIR; };
		C58E885DD51DC34D19AE27A8 /* Pods-BBNDaily.debug.xcconfig */ = {isa = PBXFileReference; includeInIndex = 1; lastKnownFileType = text.xcconfig; name = "Pods-BBNDaily.debug.xcconfig"; path = "Target Support Files/Pods-BBNDaily/Pods-BBNDaily.debug.xcconfig"; sourceTree = "<group>"; };
/* End PBXFileReference section */

/* Begin PBXFrameworksBuildPhase section */
		87507FC026E6ADEB005DDFB4 /* Frameworks */ = {
			isa = PBXFrameworksBuildPhase;
			buildActionMask = 2147483647;
			files = (
				EF1ED314B4FBE54628BB60F5 /* Pods_BBNDaily.framework in Frameworks */,
			);
			runOnlyForDeploymentPostprocessing = 0;
		};
		87507FD626E6ADEB005DDFB4 /* Frameworks */ = {
			isa = PBXFrameworksBuildPhase;
			buildActionMask = 2147483647;
			files = (
				CDFE6FE9F6EDD086E3156298 /* Pods_BBNDailyTests.framework in Frameworks */,
			);
			runOnlyForDeploymentPostprocessing = 0;
		};
		87507FE126E6ADEB005DDFB4 /* Frameworks */ = {
			isa = PBXFrameworksBuildPhase;
			buildActionMask = 2147483647;
			files = (
				575B54522BBD79A3E37DD92A /* Pods_BBNDaily_BBNDailyUITests.framework in Frameworks */,
			);
			runOnlyForDeploymentPostprocessing = 0;
		};
		877ED46B27093827007FE2E5 /* Frameworks */ = {
			isa = PBXFrameworksBuildPhase;
			buildActionMask = 2147483647;
			files = (
				877ED47027093827007FE2E5 /* SwiftUI.framework in Frameworks */,
				877ED46F27093827007FE2E5 /* WidgetKit.framework in Frameworks */,
			);
			runOnlyForDeploymentPostprocessing = 0;
		};
/* End PBXFrameworksBuildPhase section */

/* Begin PBXGroup section */
		11209A40124E46FFFA8F7C60 /* Frameworks */ = {
			isa = PBXGroup;
			children = (
				870CBB1227090AEC00363BF4 /* WidgetKit.framework */,
				870CBB1427090AEC00363BF4 /* SwiftUI.framework */,
				3D8A3874AC8A6627A5F1F250 /* Pods_BBNDaily.framework */,
				3DE87013AE3DFCBABCE30513 /* Pods_BBNDaily_BBNDailyUITests.framework */,
				C1C38801EED401BB43CE1C9D /* Pods_BBNDailyTests.framework */,
			);
			name = Frameworks;
			sourceTree = "<group>";
		};
		27AEED56288B333200C6176C /* Home-Calendar */ = {
			isa = PBXGroup;
			children = (
				8704E97526EEA686001826F8 /* CalendarVC.swift */,
				27AEED59288B336300C6176C /* Detailed Views */,
			);
			path = "Home-Calendar";
			sourceTree = "<group>";
		};
		27AEED59288B336300C6176C /* Detailed Views */ = {
			isa = PBXGroup;
			children = (
				27AEED57288B334B00C6176C /* PersonPopupVC.swift */,
				27AEED5C288B33BB00C6176C /* LunchMenuVC.swift */,
				27AEED5A288B338500C6176C /* ClassPopupVC.swift */,
			);
			path = "Detailed Views";
			sourceTree = "<group>";
		};
		27AEED5E288B33E100C6176C /* Cells */ = {
			isa = PBXGroup;
			children = (
				27AEED5F288B33F300C6176C /* coverTableViewCell.swift */,
				27AEED61288B341100C6176C /* CalendarTableViewCell.swift */,
				27AEED63288B344000C6176C /* blockTableViewCell.swift */,
				27AEED89288B37E600C6176C /* TaskCell.swift */,
				27AEED65288B34A200C6176C /* editClassTableViewCell.swift */,
				27AEED7B288B365300C6176C /* ProfileTableViewCell.swift */,
				27AEED7D288B367C00C6176C /* SettingsBlockTableViewCell.swift */,
				27AEED75288B35DD00C6176C /* AboutTableViewCell.swift */,
			);
			path = Cells;
			sourceTree = "<group>";
		};
		27AEED67288B34CC00C6176C /* SettingsDetail */ = {
			isa = PBXGroup;
			children = (
				27AEED69288B34E400C6176C /* ClassesOptionsPopupVC.swift */,
				27AEED6B288B352100C6176C /* ClassNameVC.swift */,
				27AEED6D288B353D00C6176C /* TeacherNameVC.swift */,
				27AEED6F288B355900C6176C /* RoomNumVC.swift */,
				27AEED71288B359100C6176C /* DaySelectVC.swift */,
			);
			path = SettingsDetail;
			sourceTree = "<group>";
		};
		27AEED68288B34D500C6176C /* SecretScheduleDetail */ = {
			isa = PBXGroup;
			children = (
				278AFAF8288C1C2800E64F23 /* ThroughDateVC.swift */,
				278AFAFA288C1F1400E64F23 /* ImageVC.swift */,
			);
			path = SecretScheduleDetail;
			sourceTree = "<group>";
		};
		27AEED7F288B373400C6176C /* Tasks */ = {
			isa = PBXGroup;
			children = (
				87D3D38F27A8512000E3A1E1 /* WorkVC.swift */,
				27AEED82288B376600C6176C /* Detail */,
			);
			path = Tasks;
			sourceTree = "<group>";
		};
		27AEED82288B376600C6176C /* Detail */ = {
			isa = PBXGroup;
			children = (
				27AEED80288B374A00C6176C /* detailedWorkVC.swift */,
				27AEED83288B377600C6176C /* HomeworkDueDateVC.swift */,
				27AEED85288B379A00C6176C /* HomeworkInfoVC.swift */,
				27AEED87288B37B700C6176C /* HomeworkTitleVC.swift */,
			);
			path = Detail;
			sourceTree = "<group>";
		};
		27B8BCDE285CA67E00892509 /* Side Menu */ = {
			isa = PBXGroup;
			children = (
				87FDD7BD285E36B300E07ABA /* SideMenuCell.xib */,
				27B8BCDC285CA60400892509 /* SideMenuVC.swift */,
			);
			path = "Side Menu";
			sourceTree = "<group>";
		};
		5CCFC48CB358238E1A835200 /* Pods */ = {
			isa = PBXGroup;
			children = (
				C58E885DD51DC34D19AE27A8 /* Pods-BBNDaily.debug.xcconfig */,
				3F5747F2EF3CD94501F0E916 /* Pods-BBNDaily.release.xcconfig */,
				9D012EFADEEF0CAA7C676610 /* Pods-BBNDaily-BBNDailyUITests.debug.xcconfig */,
				99F2D3B6E0D878CEB6203C60 /* Pods-BBNDaily-BBNDailyUITests.release.xcconfig */,
				C035224FE950DF0A58734E47 /* Pods-BBNDailyTests.debug.xcconfig */,
				2C43EF9E1A98BB5802BFD7DC /* Pods-BBNDailyTests.release.xcconfig */,
			);
			path = Pods;
			sourceTree = "<group>";
		};
		8704E97B26EEA84B001826F8 /* Tabs */ = {
			isa = PBXGroup;
			children = (
				8704E97726EEA6F2001826F8 /* NewspapersVC.swift */,
				8761CA7126F29D3B00CADE56 /* MapsVC.swift */,
				2792D7C028B4562800DBA403 /* BusScheduleVC.swift */,
				8704E97926EEA6FC001826F8 /* NewsVC.swift */,
				27AEED7F288B373400C6176C /* Tasks */,
				8738377527EA48CC00CABF47 /* Settings */,
				27AEED56288B333200C6176C /* Home-Calendar */,
			);
			path = Tabs;
			sourceTree = "<group>";
		};
		8704E97C26EEA865001826F8 /* Login */ = {
			isa = PBXGroup;
			children = (
				8704E96D26EEA5B9001826F8 /* LoginVC.swift */,
				8704E97326EEA663001826F8 /* LaunchVC.swift */,
				27B0DB7E288B025D009C32B8 /* AuthVC.swift */,
			);
			path = Login;
			sourceTree = "<group>";
		};
		8704E97D26EEA880001826F8 /* Other */ = {
			isa = PBXGroup;
			children = (
				8704E96F26EEA5E9001826F8 /* Extensions.swift */,
				27B0DB80288B0DBD009C32B8 /* Structs.swift */,
				27AEED54288B32E400C6176C /* TextEditVC.swift */,
				27AEED73288B35B500C6176C /* TextFieldVC.swift */,
				27AEED52288B32C600C6176C /* defaultVariables.swift */,
			);
			path = Other;
			sourceTree = "<group>";
		};
		8738377527EA48CC00CABF47 /* Settings */ = {
			isa = PBXGroup;
			children = (
				8704E97126EEA617001826F8 /* Settings.swift */,
				27AEED77288B360900C6176C /* AboutUsVC.swift */,
				27AEED79288B363300C6176C /* CreditsVC.swift */,
				8738377627EA48DE00CABF47 /* SecretSchedule.swift */,
				27AEED67288B34CC00C6176C /* SettingsDetail */,
				27AEED68288B34D500C6176C /* SecretScheduleDetail */,
			);
			path = Settings;
			sourceTree = "<group>";
		};
		87507FBA26E6ADEA005DDFB4 = {
			isa = PBXGroup;
			children = (
				877ED4802709383C007FE2E5 /* BBNDailyWidgetExtension.entitlements */,
				87507FC526E6ADEB005DDFB4 /* BBNDaily */,
				87507FDC26E6ADEB005DDFB4 /* BBNDailyTests */,
				87507FE726E6ADEB005DDFB4 /* BBNDailyUITests */,
				877ED47127093827007FE2E5 /* BBNDailyWidget */,
				87507FC426E6ADEB005DDFB4 /* Products */,
				5CCFC48CB358238E1A835200 /* Pods */,
				11209A40124E46FFFA8F7C60 /* Frameworks */,
			);
			sourceTree = "<group>";
		};
		87507FC426E6ADEB005DDFB4 /* Products */ = {
			isa = PBXGroup;
			children = (
				87507FC326E6ADEB005DDFB4 /* BBNDaily.app */,
				87507FD926E6ADEB005DDFB4 /* BBNDailyTests.xctest */,
				87507FE426E6ADEB005DDFB4 /* BBNDailyUITests.xctest */,
				877ED46E27093827007FE2E5 /* BBNDailyWidgetExtension.appex */,
			);
			name = Products;
			sourceTree = "<group>";
		};
		87507FC526E6ADEB005DDFB4 /* BBNDaily */ = {
			isa = PBXGroup;
			children = (
				87078D2726F0DCC00061E9AF /* BBNDaily.entitlements */,
				87507FC626E6ADEB005DDFB4 /* AppDelegate.swift */,
				87507FC826E6ADEB005DDFB4 /* SceneDelegate.swift */,
				27AEED5E288B33E100C6176C /* Cells */,
				8704E97D26EEA880001826F8 /* Other */,
				8704E97B26EEA84B001826F8 /* Tabs */,
				8704E97C26EEA865001826F8 /* Login */,
				27B8BCDE285CA67E00892509 /* Side Menu */,
				87D3254426E6BCB5009B28CB /* GoogleService-Info.plist */,
				2709F92028CD71AE0022B4D3 /* snowfall.gif */,
				2709F92428CD73E10022B4D3 /* hearts.gif */,
				2709F91828CD6B110022B4D3 /* fall.gif */,
				2709F91A28CD6D4D0022B4D3 /* halloween.gif */,
				2709F90C28CD63EA0022B4D3 /* summer.gif */,
				2709F90828CD62E20022B4D3 /* spring.gif */,
				87AAFC4227062AC6006AF8DC /* demo.gif */,
				87507FCC26E6ADEB005DDFB4 /* Main.storyboard */,
				87507FCF26E6ADEB005DDFB4 /* Assets.xcassets */,
				87507FD126E6ADEB005DDFB4 /* LaunchScreen.storyboard */,
				87507FD426E6ADEB005DDFB4 /* Info.plist */,
			);
			path = BBNDaily;
			sourceTree = "<group>";
		};
		87507FDC26E6ADEB005DDFB4 /* BBNDailyTests */ = {
			isa = PBXGroup;
			children = (
				87507FDD26E6ADEB005DDFB4 /* BBNDailyTests.swift */,
				87507FDF26E6ADEB005DDFB4 /* Info.plist */,
			);
			path = BBNDailyTests;
			sourceTree = "<group>";
		};
		87507FE726E6ADEB005DDFB4 /* BBNDailyUITests */ = {
			isa = PBXGroup;
			children = (
				87507FE826E6ADEB005DDFB4 /* BBNDailyUITests.swift */,
				87507FEA26E6ADEB005DDFB4 /* Info.plist */,
			);
			path = BBNDailyUITests;
			sourceTree = "<group>";
		};
		877ED47127093827007FE2E5 /* BBNDailyWidget */ = {
			isa = PBXGroup;
			children = (
				877ED47227093827007FE2E5 /* BBNDailyWidget.swift */,
				877ED47427093827007FE2E5 /* BBNDailyWidget.intentdefinition */,
				877ED47527093828007FE2E5 /* Assets.xcassets */,
				877ED47727093828007FE2E5 /* Info.plist */,
			);
			path = BBNDailyWidget;
			sourceTree = "<group>";
		};
/* End PBXGroup section */

/* Begin PBXNativeTarget section */
		87507FC226E6ADEB005DDFB4 /* BBNDaily */ = {
			isa = PBXNativeTarget;
			buildConfigurationList = 87507FED26E6ADEB005DDFB4 /* Build configuration list for PBXNativeTarget "BBNDaily" */;
			buildPhases = (
				2097F42C8CD06ECF8D95A254 /* [CP] Check Pods Manifest.lock */,
				87507FBF26E6ADEB005DDFB4 /* Sources */,
				87507FC026E6ADEB005DDFB4 /* Frameworks */,
				87507FC126E6ADEB005DDFB4 /* Resources */,
				870CBB2227090AEE00363BF4 /* Embed App Extensions */,
				87244E092829C24C00F997A1 /* Embed Watch Content */,
				272BA655282D40E0009BA067 /* Embed Frameworks */,
				8F5CCBB01F524D750CB43591 /* [CP] Embed Pods Frameworks */,
				7FC5C79B0E43DD29909A6EF6 /* [CP] Copy Pods Resources */,
			);
			buildRules = (
			);
			dependencies = (
				877ED47B27093828007FE2E5 /* PBXTargetDependency */,
			);
			name = BBNDaily;
			productName = BBNDaily;
			productReference = 87507FC326E6ADEB005DDFB4 /* BBNDaily.app */;
			productType = "com.apple.product-type.application";
		};
		87507FD826E6ADEB005DDFB4 /* BBNDailyTests */ = {
			isa = PBXNativeTarget;
			buildConfigurationList = 87507FF026E6ADEB005DDFB4 /* Build configuration list for PBXNativeTarget "BBNDailyTests" */;
			buildPhases = (
				8F3F48A14EEBEC926F7C54C2 /* [CP] Check Pods Manifest.lock */,
				87507FD526E6ADEB005DDFB4 /* Sources */,
				87507FD626E6ADEB005DDFB4 /* Frameworks */,
				87507FD726E6ADEB005DDFB4 /* Resources */,
			);
			buildRules = (
			);
			dependencies = (
				87507FDB26E6ADEB005DDFB4 /* PBXTargetDependency */,
			);
			name = BBNDailyTests;
			productName = BBNDailyTests;
			productReference = 87507FD926E6ADEB005DDFB4 /* BBNDailyTests.xctest */;
			productType = "com.apple.product-type.bundle.unit-test";
		};
		87507FE326E6ADEB005DDFB4 /* BBNDailyUITests */ = {
			isa = PBXNativeTarget;
			buildConfigurationList = 87507FF326E6ADEB005DDFB4 /* Build configuration list for PBXNativeTarget "BBNDailyUITests" */;
			buildPhases = (
				A4C785E15523EF26D2EB1E11 /* [CP] Check Pods Manifest.lock */,
				87507FE026E6ADEB005DDFB4 /* Sources */,
				87507FE126E6ADEB005DDFB4 /* Frameworks */,
				87507FE226E6ADEB005DDFB4 /* Resources */,
				9BC90BB9E7A89D3ADFA6F4CB /* [CP] Embed Pods Frameworks */,
				B84007DB91A8D259104835FF /* [CP] Copy Pods Resources */,
			);
			buildRules = (
			);
			dependencies = (
				87507FE626E6ADEB005DDFB4 /* PBXTargetDependency */,
			);
			name = BBNDailyUITests;
			productName = BBNDailyUITests;
			productReference = 87507FE426E6ADEB005DDFB4 /* BBNDailyUITests.xctest */;
			productType = "com.apple.product-type.bundle.ui-testing";
		};
		877ED46D27093827007FE2E5 /* BBNDailyWidgetExtension */ = {
			isa = PBXNativeTarget;
			buildConfigurationList = 877ED47D27093828007FE2E5 /* Build configuration list for PBXNativeTarget "BBNDailyWidgetExtension" */;
			buildPhases = (
				877ED46A27093827007FE2E5 /* Sources */,
				877ED46B27093827007FE2E5 /* Frameworks */,
				877ED46C27093827007FE2E5 /* Resources */,
			);
			buildRules = (
			);
			dependencies = (
			);
			name = BBNDailyWidgetExtension;
			productName = BBNDailyWidgetExtension;
			productReference = 877ED46E27093827007FE2E5 /* BBNDailyWidgetExtension.appex */;
			productType = "com.apple.product-type.app-extension";
		};
/* End PBXNativeTarget section */

/* Begin PBXProject section */
		87507FBB26E6ADEA005DDFB4 /* Project object */ = {
			isa = PBXProject;
			attributes = {
				LastSwiftUpdateCheck = 1330;
				LastUpgradeCheck = 1250;
				TargetAttributes = {
					87507FC226E6ADEB005DDFB4 = {
						CreatedOnToolsVersion = 12.5.1;
					};
					87507FD826E6ADEB005DDFB4 = {
						CreatedOnToolsVersion = 12.5.1;
						TestTargetID = 87507FC226E6ADEB005DDFB4;
					};
					87507FE326E6ADEB005DDFB4 = {
						CreatedOnToolsVersion = 12.5.1;
						TestTargetID = 87507FC226E6ADEB005DDFB4;
					};
					877ED46D27093827007FE2E5 = {
						CreatedOnToolsVersion = 13.0;
					};
				};
			};
			buildConfigurationList = 87507FBE26E6ADEA005DDFB4 /* Build configuration list for PBXProject "BBNDaily" */;
			compatibilityVersion = "Xcode 9.3";
			developmentRegion = en;
			hasScannedForEncodings = 0;
			knownRegions = (
				en,
				Base,
			);
			mainGroup = 87507FBA26E6ADEA005DDFB4;
			productRefGroup = 87507FC426E6ADEB005DDFB4 /* Products */;
			projectDirPath = "";
			projectRoot = "";
			targets = (
				87507FC226E6ADEB005DDFB4 /* BBNDaily */,
				87507FD826E6ADEB005DDFB4 /* BBNDailyTests */,
				87507FE326E6ADEB005DDFB4 /* BBNDailyUITests */,
				877ED46D27093827007FE2E5 /* BBNDailyWidgetExtension */,
			);
		};
/* End PBXProject section */

/* Begin PBXResourcesBuildPhase section */
		87507FC126E6ADEB005DDFB4 /* Resources */ = {
			isa = PBXResourcesBuildPhase;
			buildActionMask = 2147483647;
			files = (
				2709F92128CD71AE0022B4D3 /* snowfall.gif in Resources */,
				2709F92528CD73E10022B4D3 /* hearts.gif in Resources */,
				2709F90928CD62E20022B4D3 /* spring.gif in Resources */,
				2709F91928CD6B110022B4D3 /* fall.gif in Resources */,
				2709F91B28CD6D4D0022B4D3 /* halloween.gif in Resources */,
				87507FD326E6ADEB005DDFB4 /* LaunchScreen.storyboard in Resources */,
				87FDD7BE285E36B300E07ABA /* SideMenuCell.xib in Resources */,
				87D3254526E6BCB5009B28CB /* GoogleService-Info.plist in Resources */,
				2709F90D28CD63EA0022B4D3 /* summer.gif in Resources */,
				87AAFC4327062AC6006AF8DC /* demo.gif in Resources */,
				87507FD026E6ADEB005DDFB4 /* Assets.xcassets in Resources */,
				87507FCE26E6ADEB005DDFB4 /* Main.storyboard in Resources */,
			);
			runOnlyForDeploymentPostprocessing = 0;
		};
		87507FD726E6ADEB005DDFB4 /* Resources */ = {
			isa = PBXResourcesBuildPhase;
			buildActionMask = 2147483647;
			files = (
			);
			runOnlyForDeploymentPostprocessing = 0;
		};
		87507FE226E6ADEB005DDFB4 /* Resources */ = {
			isa = PBXResourcesBuildPhase;
			buildActionMask = 2147483647;
			files = (
			);
			runOnlyForDeploymentPostprocessing = 0;
		};
		877ED46C27093827007FE2E5 /* Resources */ = {
			isa = PBXResourcesBuildPhase;
			buildActionMask = 2147483647;
			files = (
				877ED47627093828007FE2E5 /* Assets.xcassets in Resources */,
			);
			runOnlyForDeploymentPostprocessing = 0;
		};
/* End PBXResourcesBuildPhase section */

/* Begin PBXShellScriptBuildPhase section */
		2097F42C8CD06ECF8D95A254 /* [CP] Check Pods Manifest.lock */ = {
			isa = PBXShellScriptBuildPhase;
			buildActionMask = 2147483647;
			files = (
			);
			inputFileListPaths = (
			);
			inputPaths = (
				"${PODS_PODFILE_DIR_PATH}/Podfile.lock",
				"${PODS_ROOT}/Manifest.lock",
			);
			name = "[CP] Check Pods Manifest.lock";
			outputFileListPaths = (
			);
			outputPaths = (
				"$(DERIVED_FILE_DIR)/Pods-BBNDaily-checkManifestLockResult.txt",
			);
			runOnlyForDeploymentPostprocessing = 0;
			shellPath = /bin/sh;
			shellScript = "diff \"${PODS_PODFILE_DIR_PATH}/Podfile.lock\" \"${PODS_ROOT}/Manifest.lock\" > /dev/null\nif [ $? != 0 ] ; then\n    # print error to STDERR\n    echo \"error: The sandbox is not in sync with the Podfile.lock. Run 'pod install' or update your CocoaPods installation.\" >&2\n    exit 1\nfi\n# This output is used by Xcode 'outputs' to avoid re-running this script phase.\necho \"SUCCESS\" > \"${SCRIPT_OUTPUT_FILE_0}\"\n";
			showEnvVarsInLog = 0;
		};
		7FC5C79B0E43DD29909A6EF6 /* [CP] Copy Pods Resources */ = {
			isa = PBXShellScriptBuildPhase;
			buildActionMask = 2147483647;
			files = (
			);
			inputFileListPaths = (
				"${PODS_ROOT}/Target Support Files/Pods-BBNDaily/Pods-BBNDaily-resources-${CONFIGURATION}-input-files.xcfilelist",
			);
			name = "[CP] Copy Pods Resources";
			outputFileListPaths = (
				"${PODS_ROOT}/Target Support Files/Pods-BBNDaily/Pods-BBNDaily-resources-${CONFIGURATION}-output-files.xcfilelist",
			);
			runOnlyForDeploymentPostprocessing = 0;
			shellPath = /bin/sh;
			shellScript = "\"${PODS_ROOT}/Target Support Files/Pods-BBNDaily/Pods-BBNDaily-resources.sh\"\n";
			showEnvVarsInLog = 0;
		};
		8F3F48A14EEBEC926F7C54C2 /* [CP] Check Pods Manifest.lock */ = {
			isa = PBXShellScriptBuildPhase;
			buildActionMask = 2147483647;
			files = (
			);
			inputFileListPaths = (
			);
			inputPaths = (
				"${PODS_PODFILE_DIR_PATH}/Podfile.lock",
				"${PODS_ROOT}/Manifest.lock",
			);
			name = "[CP] Check Pods Manifest.lock";
			outputFileListPaths = (
			);
			outputPaths = (
				"$(DERIVED_FILE_DIR)/Pods-BBNDailyTests-checkManifestLockResult.txt",
			);
			runOnlyForDeploymentPostprocessing = 0;
			shellPath = /bin/sh;
			shellScript = "diff \"${PODS_PODFILE_DIR_PATH}/Podfile.lock\" \"${PODS_ROOT}/Manifest.lock\" > /dev/null\nif [ $? != 0 ] ; then\n    # print error to STDERR\n    echo \"error: The sandbox is not in sync with the Podfile.lock. Run 'pod install' or update your CocoaPods installation.\" >&2\n    exit 1\nfi\n# This output is used by Xcode 'outputs' to avoid re-running this script phase.\necho \"SUCCESS\" > \"${SCRIPT_OUTPUT_FILE_0}\"\n";
			showEnvVarsInLog = 0;
		};
		8F5CCBB01F524D750CB43591 /* [CP] Embed Pods Frameworks */ = {
			isa = PBXShellScriptBuildPhase;
			buildActionMask = 2147483647;
			files = (
			);
			inputFileListPaths = (
				"${PODS_ROOT}/Target Support Files/Pods-BBNDaily/Pods-BBNDaily-frameworks-${CONFIGURATION}-input-files.xcfilelist",
			);
			name = "[CP] Embed Pods Frameworks";
			outputFileListPaths = (
				"${PODS_ROOT}/Target Support Files/Pods-BBNDaily/Pods-BBNDaily-frameworks-${CONFIGURATION}-output-files.xcfilelist",
			);
			runOnlyForDeploymentPostprocessing = 0;
			shellPath = /bin/sh;
			shellScript = "\"${PODS_ROOT}/Target Support Files/Pods-BBNDaily/Pods-BBNDaily-frameworks.sh\"\n";
			showEnvVarsInLog = 0;
		};
		9BC90BB9E7A89D3ADFA6F4CB /* [CP] Embed Pods Frameworks */ = {
			isa = PBXShellScriptBuildPhase;
			buildActionMask = 2147483647;
			files = (
			);
			inputFileListPaths = (
				"${PODS_ROOT}/Target Support Files/Pods-BBNDaily-BBNDailyUITests/Pods-BBNDaily-BBNDailyUITests-frameworks-${CONFIGURATION}-input-files.xcfilelist",
			);
			name = "[CP] Embed Pods Frameworks";
			outputFileListPaths = (
				"${PODS_ROOT}/Target Support Files/Pods-BBNDaily-BBNDailyUITests/Pods-BBNDaily-BBNDailyUITests-frameworks-${CONFIGURATION}-output-files.xcfilelist",
			);
			runOnlyForDeploymentPostprocessing = 0;
			shellPath = /bin/sh;
			shellScript = "\"${PODS_ROOT}/Target Support Files/Pods-BBNDaily-BBNDailyUITests/Pods-BBNDaily-BBNDailyUITests-frameworks.sh\"\n";
			showEnvVarsInLog = 0;
		};
		A4C785E15523EF26D2EB1E11 /* [CP] Check Pods Manifest.lock */ = {
			isa = PBXShellScriptBuildPhase;
			buildActionMask = 2147483647;
			files = (
			);
			inputFileListPaths = (
			);
			inputPaths = (
				"${PODS_PODFILE_DIR_PATH}/Podfile.lock",
				"${PODS_ROOT}/Manifest.lock",
			);
			name = "[CP] Check Pods Manifest.lock";
			outputFileListPaths = (
			);
			outputPaths = (
				"$(DERIVED_FILE_DIR)/Pods-BBNDaily-BBNDailyUITests-checkManifestLockResult.txt",
			);
			runOnlyForDeploymentPostprocessing = 0;
			shellPath = /bin/sh;
			shellScript = "diff \"${PODS_PODFILE_DIR_PATH}/Podfile.lock\" \"${PODS_ROOT}/Manifest.lock\" > /dev/null\nif [ $? != 0 ] ; then\n    # print error to STDERR\n    echo \"error: The sandbox is not in sync with the Podfile.lock. Run 'pod install' or update your CocoaPods installation.\" >&2\n    exit 1\nfi\n# This output is used by Xcode 'outputs' to avoid re-running this script phase.\necho \"SUCCESS\" > \"${SCRIPT_OUTPUT_FILE_0}\"\n";
			showEnvVarsInLog = 0;
		};
		B84007DB91A8D259104835FF /* [CP] Copy Pods Resources */ = {
			isa = PBXShellScriptBuildPhase;
			buildActionMask = 2147483647;
			files = (
			);
			inputFileListPaths = (
				"${PODS_ROOT}/Target Support Files/Pods-BBNDaily-BBNDailyUITests/Pods-BBNDaily-BBNDailyUITests-resources-${CONFIGURATION}-input-files.xcfilelist",
			);
			name = "[CP] Copy Pods Resources";
			outputFileListPaths = (
				"${PODS_ROOT}/Target Support Files/Pods-BBNDaily-BBNDailyUITests/Pods-BBNDaily-BBNDailyUITests-resources-${CONFIGURATION}-output-files.xcfilelist",
			);
			runOnlyForDeploymentPostprocessing = 0;
			shellPath = /bin/sh;
			shellScript = "\"${PODS_ROOT}/Target Support Files/Pods-BBNDaily-BBNDailyUITests/Pods-BBNDaily-BBNDailyUITests-resources.sh\"\n";
			showEnvVarsInLog = 0;
		};
/* End PBXShellScriptBuildPhase section */

/* Begin PBXSourcesBuildPhase section */
		87507FBF26E6ADEB005DDFB4 /* Sources */ = {
			isa = PBXSourcesBuildPhase;
			buildActionMask = 2147483647;
			files = (
				278AFAF9288C1C2800E64F23 /* ThroughDateVC.swift in Sources */,
				27B0DB81288B0DBD009C32B8 /* Structs.swift in Sources */,
				278AFAFB288C1F1400E64F23 /* ImageVC.swift in Sources */,
				27B0DB7F288B025D009C32B8 /* AuthVC.swift in Sources */,
				8704E97026EEA5E9001826F8 /* Extensions.swift in Sources */,
				27AEED74288B35B500C6176C /* TextFieldVC.swift in Sources */,
				87507FC726E6ADEB005DDFB4 /* AppDelegate.swift in Sources */,
				27B8BCDD285CA60400892509 /* SideMenuVC.swift in Sources */,
				27AEED60288B33F300C6176C /* coverTableViewCell.swift in Sources */,
				8704E97426EEA663001826F8 /* LaunchVC.swift in Sources */,
				27AEED7C288B365300C6176C /* ProfileTableViewCell.swift in Sources */,
				8704E96E26EEA5B9001826F8 /* LoginVC.swift in Sources */,
				877ED47927093828007FE2E5 /* BBNDailyWidget.intentdefinition in Sources */,
				27AEED78288B360900C6176C /* AboutUsVC.swift in Sources */,
				8761CA7226F29D3B00CADE56 /* MapsVC.swift in Sources */,
				87507FC926E6ADEB005DDFB4 /* SceneDelegate.swift in Sources */,
				27AEED6C288B352100C6176C /* ClassNameVC.swift in Sources */,
				27AEED81288B374A00C6176C /* detailedWorkVC.swift in Sources */,
				8738377727EA48DE00CABF47 /* SecretSchedule.swift in Sources */,
				27AEED72288B359100C6176C /* DaySelectVC.swift in Sources */,
				8704E97626EEA686001826F8 /* CalendarVC.swift in Sources */,
				27AEED53288B32C600C6176C /* defaultVariables.swift in Sources */,
				27AEED76288B35DD00C6176C /* AboutTableViewCell.swift in Sources */,
				27AEED8A288B37E600C6176C /* TaskCell.swift in Sources */,
				27AEED5D288B33BB00C6176C /* LunchMenuVC.swift in Sources */,
				8704E97226EEA617001826F8 /* Settings.swift in Sources */,
				27AEED84288B377600C6176C /* HomeworkDueDateVC.swift in Sources */,
				8704E97826EEA6F2001826F8 /* NewspapersVC.swift in Sources */,
				27AEED64288B344000C6176C /* blockTableViewCell.swift in Sources */,
				27AEED6A288B34E400C6176C /* ClassesOptionsPopupVC.swift in Sources */,
				27AEED86288B379A00C6176C /* HomeworkInfoVC.swift in Sources */,
				27AEED6E288B353D00C6176C /* TeacherNameVC.swift in Sources */,
				27AEED62288B341100C6176C /* CalendarTableViewCell.swift in Sources */,
				27AEED58288B334B00C6176C /* PersonPopupVC.swift in Sources */,
				2792D7C128B4562800DBA403 /* BusScheduleVC.swift in Sources */,
				27AEED88288B37B700C6176C /* HomeworkTitleVC.swift in Sources */,
				27AEED70288B355900C6176C /* RoomNumVC.swift in Sources */,
				27AEED5B288B338500C6176C /* ClassPopupVC.swift in Sources */,
				8704E97A26EEA6FC001826F8 /* NewsVC.swift in Sources */,
				27AEED66288B34A200C6176C /* editClassTableViewCell.swift in Sources */,
				27AEED7E288B367C00C6176C /* SettingsBlockTableViewCell.swift in Sources */,
				87D3D39027A8512000E3A1E1 /* WorkVC.swift in Sources */,
				27AEED55288B32E400C6176C /* TextEditVC.swift in Sources */,
				27AEED7A288B363300C6176C /* CreditsVC.swift in Sources */,
			);
			runOnlyForDeploymentPostprocessing = 0;
		};
		87507FD526E6ADEB005DDFB4 /* Sources */ = {
			isa = PBXSourcesBuildPhase;
			buildActionMask = 2147483647;
			files = (
				87507FDE26E6ADEB005DDFB4 /* BBNDailyTests.swift in Sources */,
			);
			runOnlyForDeploymentPostprocessing = 0;
		};
		87507FE026E6ADEB005DDFB4 /* Sources */ = {
			isa = PBXSourcesBuildPhase;
			buildActionMask = 2147483647;
			files = (
				87507FE926E6ADEB005DDFB4 /* BBNDailyUITests.swift in Sources */,
			);
			runOnlyForDeploymentPostprocessing = 0;
		};
		877ED46A27093827007FE2E5 /* Sources */ = {
			isa = PBXSourcesBuildPhase;
			buildActionMask = 2147483647;
			files = (
				877ED47327093827007FE2E5 /* BBNDailyWidget.swift in Sources */,
				877ED47827093828007FE2E5 /* BBNDailyWidget.intentdefinition in Sources */,
			);
			runOnlyForDeploymentPostprocessing = 0;
		};
/* End PBXSourcesBuildPhase section */

/* Begin PBXTargetDependency section */
		87507FDB26E6ADEB005DDFB4 /* PBXTargetDependency */ = {
			isa = PBXTargetDependency;
			target = 87507FC226E6ADEB005DDFB4 /* BBNDaily */;
			targetProxy = 87507FDA26E6ADEB005DDFB4 /* PBXContainerItemProxy */;
		};
		87507FE626E6ADEB005DDFB4 /* PBXTargetDependency */ = {
			isa = PBXTargetDependency;
			target = 87507FC226E6ADEB005DDFB4 /* BBNDaily */;
			targetProxy = 87507FE526E6ADEB005DDFB4 /* PBXContainerItemProxy */;
		};
		877ED47B27093828007FE2E5 /* PBXTargetDependency */ = {
			isa = PBXTargetDependency;
			target = 877ED46D27093827007FE2E5 /* BBNDailyWidgetExtension */;
			targetProxy = 877ED47A27093828007FE2E5 /* PBXContainerItemProxy */;
		};
/* End PBXTargetDependency section */

/* Begin PBXVariantGroup section */
		87507FCC26E6ADEB005DDFB4 /* Main.storyboard */ = {
			isa = PBXVariantGroup;
			children = (
				87507FCD26E6ADEB005DDFB4 /* Base */,
			);
			name = Main.storyboard;
			sourceTree = "<group>";
		};
		87507FD126E6ADEB005DDFB4 /* LaunchScreen.storyboard */ = {
			isa = PBXVariantGroup;
			children = (
				87507FD226E6ADEB005DDFB4 /* Base */,
			);
			name = LaunchScreen.storyboard;
			sourceTree = "<group>";
		};
/* End PBXVariantGroup section */

/* Begin XCBuildConfiguration section */
		87507FEB26E6ADEB005DDFB4 /* Debug */ = {
			isa = XCBuildConfiguration;
			buildSettings = {
				ALWAYS_SEARCH_USER_PATHS = NO;
				CLANG_ANALYZER_NONNULL = YES;
				CLANG_ANALYZER_NUMBER_OBJECT_CONVERSION = YES_AGGRESSIVE;
				CLANG_CXX_LANGUAGE_STANDARD = "gnu++14";
				CLANG_CXX_LIBRARY = "libc++";
				CLANG_ENABLE_MODULES = YES;
				CLANG_ENABLE_OBJC_ARC = YES;
				CLANG_ENABLE_OBJC_WEAK = YES;
				CLANG_WARN_BLOCK_CAPTURE_AUTORELEASING = YES;
				CLANG_WARN_BOOL_CONVERSION = YES;
				CLANG_WARN_COMMA = YES;
				CLANG_WARN_CONSTANT_CONVERSION = YES;
				CLANG_WARN_DEPRECATED_OBJC_IMPLEMENTATIONS = YES;
				CLANG_WARN_DIRECT_OBJC_ISA_USAGE = YES_ERROR;
				CLANG_WARN_DOCUMENTATION_COMMENTS = YES;
				CLANG_WARN_EMPTY_BODY = YES;
				CLANG_WARN_ENUM_CONVERSION = YES;
				CLANG_WARN_INFINITE_RECURSION = YES;
				CLANG_WARN_INT_CONVERSION = YES;
				CLANG_WARN_NON_LITERAL_NULL_CONVERSION = YES;
				CLANG_WARN_OBJC_IMPLICIT_RETAIN_SELF = YES;
				CLANG_WARN_OBJC_LITERAL_CONVERSION = YES;
				CLANG_WARN_OBJC_ROOT_CLASS = YES_ERROR;
				CLANG_WARN_QUOTED_INCLUDE_IN_FRAMEWORK_HEADER = YES;
				CLANG_WARN_RANGE_LOOP_ANALYSIS = YES;
				CLANG_WARN_STRICT_PROTOTYPES = YES;
				CLANG_WARN_SUSPICIOUS_MOVE = YES;
				CLANG_WARN_UNGUARDED_AVAILABILITY = YES_AGGRESSIVE;
				CLANG_WARN_UNREACHABLE_CODE = YES;
				CLANG_WARN__DUPLICATE_METHOD_MATCH = YES;
				COPY_PHASE_STRIP = NO;
				DEBUG_INFORMATION_FORMAT = dwarf;
				ENABLE_STRICT_OBJC_MSGSEND = YES;
				ENABLE_TESTABILITY = YES;
				GCC_C_LANGUAGE_STANDARD = gnu11;
				GCC_DYNAMIC_NO_PIC = NO;
				GCC_NO_COMMON_BLOCKS = YES;
				GCC_OPTIMIZATION_LEVEL = 0;
				GCC_PREPROCESSOR_DEFINITIONS = (
					"DEBUG=1",
					"$(inherited)",
				);
				GCC_WARN_64_TO_32_BIT_CONVERSION = YES;
				GCC_WARN_ABOUT_RETURN_TYPE = YES_ERROR;
				GCC_WARN_UNDECLARED_SELECTOR = YES;
				GCC_WARN_UNINITIALIZED_AUTOS = YES_AGGRESSIVE;
				GCC_WARN_UNUSED_FUNCTION = YES;
				GCC_WARN_UNUSED_VARIABLE = YES;
				IPHONEOS_DEPLOYMENT_TARGET = 14.5;
				MTL_ENABLE_DEBUG_INFO = INCLUDE_SOURCE;
				MTL_FAST_MATH = YES;
				ONLY_ACTIVE_ARCH = YES;
				SDKROOT = iphoneos;
				SWIFT_ACTIVE_COMPILATION_CONDITIONS = DEBUG;
				SWIFT_OPTIMIZATION_LEVEL = "-Onone";
			};
			name = Debug;
		};
		87507FEC26E6ADEB005DDFB4 /* Release */ = {
			isa = XCBuildConfiguration;
			buildSettings = {
				ALWAYS_SEARCH_USER_PATHS = NO;
				CLANG_ANALYZER_NONNULL = YES;
				CLANG_ANALYZER_NUMBER_OBJECT_CONVERSION = YES_AGGRESSIVE;
				CLANG_CXX_LANGUAGE_STANDARD = "gnu++14";
				CLANG_CXX_LIBRARY = "libc++";
				CLANG_ENABLE_MODULES = YES;
				CLANG_ENABLE_OBJC_ARC = YES;
				CLANG_ENABLE_OBJC_WEAK = YES;
				CLANG_WARN_BLOCK_CAPTURE_AUTORELEASING = YES;
				CLANG_WARN_BOOL_CONVERSION = YES;
				CLANG_WARN_COMMA = YES;
				CLANG_WARN_CONSTANT_CONVERSION = YES;
				CLANG_WARN_DEPRECATED_OBJC_IMPLEMENTATIONS = YES;
				CLANG_WARN_DIRECT_OBJC_ISA_USAGE = YES_ERROR;
				CLANG_WARN_DOCUMENTATION_COMMENTS = YES;
				CLANG_WARN_EMPTY_BODY = YES;
				CLANG_WARN_ENUM_CONVERSION = YES;
				CLANG_WARN_INFINITE_RECURSION = YES;
				CLANG_WARN_INT_CONVERSION = YES;
				CLANG_WARN_NON_LITERAL_NULL_CONVERSION = YES;
				CLANG_WARN_OBJC_IMPLICIT_RETAIN_SELF = YES;
				CLANG_WARN_OBJC_LITERAL_CONVERSION = YES;
				CLANG_WARN_OBJC_ROOT_CLASS = YES_ERROR;
				CLANG_WARN_QUOTED_INCLUDE_IN_FRAMEWORK_HEADER = YES;
				CLANG_WARN_RANGE_LOOP_ANALYSIS = YES;
				CLANG_WARN_STRICT_PROTOTYPES = YES;
				CLANG_WARN_SUSPICIOUS_MOVE = YES;
				CLANG_WARN_UNGUARDED_AVAILABILITY = YES_AGGRESSIVE;
				CLANG_WARN_UNREACHABLE_CODE = YES;
				CLANG_WARN__DUPLICATE_METHOD_MATCH = YES;
				COPY_PHASE_STRIP = NO;
				DEBUG_INFORMATION_FORMAT = "dwarf-with-dsym";
				ENABLE_NS_ASSERTIONS = NO;
				ENABLE_STRICT_OBJC_MSGSEND = YES;
				GCC_C_LANGUAGE_STANDARD = gnu11;
				GCC_NO_COMMON_BLOCKS = YES;
				GCC_WARN_64_TO_32_BIT_CONVERSION = YES;
				GCC_WARN_ABOUT_RETURN_TYPE = YES_ERROR;
				GCC_WARN_UNDECLARED_SELECTOR = YES;
				GCC_WARN_UNINITIALIZED_AUTOS = YES_AGGRESSIVE;
				GCC_WARN_UNUSED_FUNCTION = YES;
				GCC_WARN_UNUSED_VARIABLE = YES;
				IPHONEOS_DEPLOYMENT_TARGET = 14.5;
				MTL_ENABLE_DEBUG_INFO = NO;
				MTL_FAST_MATH = YES;
				SDKROOT = iphoneos;
				SWIFT_COMPILATION_MODE = wholemodule;
				SWIFT_OPTIMIZATION_LEVEL = "-O";
				VALIDATE_PRODUCT = YES;
			};
			name = Release;
		};
		87507FEE26E6ADEB005DDFB4 /* Debug */ = {
			isa = XCBuildConfiguration;
			baseConfigurationReference = C58E885DD51DC34D19AE27A8 /* Pods-BBNDaily.debug.xcconfig */;
			buildSettings = {
				ALWAYS_EMBED_SWIFT_STANDARD_LIBRARIES = YES;
				ASSETCATALOG_COMPILER_APPICON_NAME = AppIcon;
				ASSETCATALOG_COMPILER_GLOBAL_ACCENT_COLOR_NAME = AccentColor;
				CODE_SIGN_ENTITLEMENTS = BBNDaily/BBNDaily.entitlements;
				CODE_SIGN_STYLE = Automatic;
				CURRENT_PROJECT_VERSION = 1;
				DEVELOPMENT_TEAM = JZUXQ9JH9H;
				GCC_NO_COMMON_BLOCKS = NO;
				INFOPLIST_FILE = BBNDaily/Info.plist;
				IPHONEOS_DEPLOYMENT_TARGET = 14.5;
				LD_RUNPATH_SEARCH_PATHS = (
					"$(inherited)",
					"@executable_path/Frameworks",
				);
				LLVM_LTO = NO;
				MARKETING_VERSION = 2.3.1;
				PRODUCT_BUNDLE_IDENTIFIER = mil.BBNDaily;
				PRODUCT_NAME = "$(TARGET_NAME)";
				SWIFT_VERSION = 5.0;
				TARGETED_DEVICE_FAMILY = 1;
			};
			name = Debug;
		};
		87507FEF26E6ADEB005DDFB4 /* Release */ = {
			isa = XCBuildConfiguration;
			baseConfigurationReference = 3F5747F2EF3CD94501F0E916 /* Pods-BBNDaily.release.xcconfig */;
			buildSettings = {
				ALWAYS_EMBED_SWIFT_STANDARD_LIBRARIES = YES;
				ASSETCATALOG_COMPILER_APPICON_NAME = AppIcon;
				ASSETCATALOG_COMPILER_GLOBAL_ACCENT_COLOR_NAME = AccentColor;
				CODE_SIGN_ENTITLEMENTS = BBNDaily/BBNDaily.entitlements;
				CODE_SIGN_STYLE = Automatic;
				CURRENT_PROJECT_VERSION = 1;
				DEVELOPMENT_TEAM = JZUXQ9JH9H;
				GCC_NO_COMMON_BLOCKS = NO;
				INFOPLIST_FILE = BBNDaily/Info.plist;
				IPHONEOS_DEPLOYMENT_TARGET = 14.5;
				LD_RUNPATH_SEARCH_PATHS = (
					"$(inherited)",
					"@executable_path/Frameworks",
				);
				LLVM_LTO = NO;
				MARKETING_VERSION = 2.3.1;
				PRODUCT_BUNDLE_IDENTIFIER = mil.BBNDaily;
				PRODUCT_NAME = "$(TARGET_NAME)";
				SWIFT_VERSION = 5.0;
				TARGETED_DEVICE_FAMILY = 1;
			};
			name = Release;
		};
		87507FF126E6ADEB005DDFB4 /* Debug */ = {
			isa = XCBuildConfiguration;
			baseConfigurationReference = C035224FE950DF0A58734E47 /* Pods-BBNDailyTests.debug.xcconfig */;
			buildSettings = {
				ALWAYS_EMBED_SWIFT_STANDARD_LIBRARIES = YES;
				BUNDLE_LOADER = "$(TEST_HOST)";
				CODE_SIGN_STYLE = Automatic;
				DEVELOPMENT_TEAM = JZUXQ9JH9H;
				INFOPLIST_FILE = BBNDailyTests/Info.plist;
				IPHONEOS_DEPLOYMENT_TARGET = 14.5;
				LD_RUNPATH_SEARCH_PATHS = (
					"$(inherited)",
					"@executable_path/Frameworks",
					"@loader_path/Frameworks",
				);
				PRODUCT_BUNDLE_IDENTIFIER = mil.BBNDailyTests;
				PRODUCT_NAME = "$(TARGET_NAME)";
				SWIFT_VERSION = 5.0;
				TARGETED_DEVICE_FAMILY = "1,2";
				TEST_HOST = "$(BUILT_PRODUCTS_DIR)/BBNDaily.app/BBNDaily";
			};
			name = Debug;
		};
		87507FF226E6ADEB005DDFB4 /* Release */ = {
			isa = XCBuildConfiguration;
			baseConfigurationReference = 2C43EF9E1A98BB5802BFD7DC /* Pods-BBNDailyTests.release.xcconfig */;
			buildSettings = {
				ALWAYS_EMBED_SWIFT_STANDARD_LIBRARIES = YES;
				BUNDLE_LOADER = "$(TEST_HOST)";
				CODE_SIGN_STYLE = Automatic;
				DEVELOPMENT_TEAM = JZUXQ9JH9H;
				INFOPLIST_FILE = BBNDailyTests/Info.plist;
				IPHONEOS_DEPLOYMENT_TARGET = 14.5;
				LD_RUNPATH_SEARCH_PATHS = (
					"$(inherited)",
					"@executable_path/Frameworks",
					"@loader_path/Frameworks",
				);
				PRODUCT_BUNDLE_IDENTIFIER = mil.BBNDailyTests;
				PRODUCT_NAME = "$(TARGET_NAME)";
				SWIFT_VERSION = 5.0;
				TARGETED_DEVICE_FAMILY = "1,2";
				TEST_HOST = "$(BUILT_PRODUCTS_DIR)/BBNDaily.app/BBNDaily";
			};
			name = Release;
		};
		87507FF426E6ADEB005DDFB4 /* Debug */ = {
			isa = XCBuildConfiguration;
			baseConfigurationReference = 9D012EFADEEF0CAA7C676610 /* Pods-BBNDaily-BBNDailyUITests.debug.xcconfig */;
			buildSettings = {
				ALWAYS_EMBED_SWIFT_STANDARD_LIBRARIES = YES;
				CODE_SIGN_STYLE = Automatic;
				DEVELOPMENT_TEAM = JZUXQ9JH9H;
				INFOPLIST_FILE = BBNDailyUITests/Info.plist;
				LD_RUNPATH_SEARCH_PATHS = (
					"$(inherited)",
					"@executable_path/Frameworks",
					"@loader_path/Frameworks",
				);
				PRODUCT_BUNDLE_IDENTIFIER = mil.BBNDailyUITests;
				PRODUCT_NAME = "$(TARGET_NAME)";
				SWIFT_VERSION = 5.0;
				TARGETED_DEVICE_FAMILY = "1,2";
				TEST_TARGET_NAME = BBNDaily;
			};
			name = Debug;
		};
		87507FF526E6ADEB005DDFB4 /* Release */ = {
			isa = XCBuildConfiguration;
			baseConfigurationReference = 99F2D3B6E0D878CEB6203C60 /* Pods-BBNDaily-BBNDailyUITests.release.xcconfig */;
			buildSettings = {
				ALWAYS_EMBED_SWIFT_STANDARD_LIBRARIES = YES;
				CODE_SIGN_STYLE = Automatic;
				DEVELOPMENT_TEAM = JZUXQ9JH9H;
				INFOPLIST_FILE = BBNDailyUITests/Info.plist;
				LD_RUNPATH_SEARCH_PATHS = (
					"$(inherited)",
					"@executable_path/Frameworks",
					"@loader_path/Frameworks",
				);
				PRODUCT_BUNDLE_IDENTIFIER = mil.BBNDailyUITests;
				PRODUCT_NAME = "$(TARGET_NAME)";
				SWIFT_VERSION = 5.0;
				TARGETED_DEVICE_FAMILY = "1,2";
				TEST_TARGET_NAME = BBNDaily;
			};
			name = Release;
		};
		877ED47E27093828007FE2E5 /* Debug */ = {
			isa = XCBuildConfiguration;
			buildSettings = {
				ASSETCATALOG_COMPILER_GLOBAL_ACCENT_COLOR_NAME = AccentColor;
				ASSETCATALOG_COMPILER_WIDGET_BACKGROUND_COLOR_NAME = WidgetBackground;
				CLANG_CXX_LANGUAGE_STANDARD = "gnu++17";
				CODE_SIGN_ENTITLEMENTS = BBNDailyWidgetExtension.entitlements;
				CODE_SIGN_STYLE = Automatic;
				CURRENT_PROJECT_VERSION = 1;
				DEVELOPMENT_TEAM = JZUXQ9JH9H;
				GENERATE_INFOPLIST_FILE = YES;
				INFOPLIST_FILE = BBNDailyWidget/Info.plist;
				INFOPLIST_KEY_CFBundleDisplayName = BBNDailyWidget;
				INFOPLIST_KEY_NSHumanReadableCopyright = "";
				IPHONEOS_DEPLOYMENT_TARGET = 15.0;
				LD_RUNPATH_SEARCH_PATHS = (
					"$(inherited)",
					"@executable_path/Frameworks",
					"@executable_path/../../Frameworks",
				);
				MARKETING_VERSION = 1.0;
				PRODUCT_BUNDLE_IDENTIFIER = mil.BBNDaily.BBNDailyWidget;
				PRODUCT_NAME = "$(TARGET_NAME)";
				SKIP_INSTALL = YES;
				SWIFT_EMIT_LOC_STRINGS = YES;
				SWIFT_VERSION = 5.0;
				TARGETED_DEVICE_FAMILY = "1,2";
			};
			name = Debug;
		};
		877ED47F27093828007FE2E5 /* Release */ = {
			isa = XCBuildConfiguration;
			buildSettings = {
				ASSETCATALOG_COMPILER_GLOBAL_ACCENT_COLOR_NAME = AccentColor;
				ASSETCATALOG_COMPILER_WIDGET_BACKGROUND_COLOR_NAME = WidgetBackground;
				CLANG_CXX_LANGUAGE_STANDARD = "gnu++17";
				CODE_SIGN_ENTITLEMENTS = BBNDailyWidgetExtension.entitlements;
				CODE_SIGN_STYLE = Automatic;
				CURRENT_PROJECT_VERSION = 1;
				DEVELOPMENT_TEAM = JZUXQ9JH9H;
				GENERATE_INFOPLIST_FILE = YES;
				INFOPLIST_FILE = BBNDailyWidget/Info.plist;
				INFOPLIST_KEY_CFBundleDisplayName = BBNDailyWidget;
				INFOPLIST_KEY_NSHumanReadableCopyright = "";
				IPHONEOS_DEPLOYMENT_TARGET = 15.0;
				LD_RUNPATH_SEARCH_PATHS = (
					"$(inherited)",
					"@executable_path/Frameworks",
					"@executable_path/../../Frameworks",
				);
				MARKETING_VERSION = 1.0;
				PRODUCT_BUNDLE_IDENTIFIER = mil.BBNDaily.BBNDailyWidget;
				PRODUCT_NAME = "$(TARGET_NAME)";
				SKIP_INSTALL = YES;
				SWIFT_EMIT_LOC_STRINGS = YES;
				SWIFT_VERSION = 5.0;
				TARGETED_DEVICE_FAMILY = "1,2";
			};
			name = Release;
		};
/* End XCBuildConfiguration section */

/* Begin XCConfigurationList section */
		87507FBE26E6ADEA005DDFB4 /* Build configuration list for PBXProject "BBNDaily" */ = {
			isa = XCConfigurationList;
			buildConfigurations = (
				87507FEB26E6ADEB005DDFB4 /* Debug */,
				87507FEC26E6ADEB005DDFB4 /* Release */,
			);
			defaultConfigurationIsVisible = 0;
			defaultConfigurationName = Release;
		};
		87507FED26E6ADEB005DDFB4 /* Build configuration list for PBXNativeTarget "BBNDaily" */ = {
			isa = XCConfigurationList;
			buildConfigurations = (
				87507FEE26E6ADEB005DDFB4 /* Debug */,
				87507FEF26E6ADEB005DDFB4 /* Release */,
			);
			defaultConfigurationIsVisible = 0;
			defaultConfigurationName = Release;
		};
		87507FF026E6ADEB005DDFB4 /* Build configuration list for PBXNativeTarget "BBNDailyTests" */ = {
			isa = XCConfigurationList;
			buildConfigurations = (
				87507FF126E6ADEB005DDFB4 /* Debug */,
				87507FF226E6ADEB005DDFB4 /* Release */,
			);
			defaultConfigurationIsVisible = 0;
			defaultConfigurationName = Release;
		};
		87507FF326E6ADEB005DDFB4 /* Build configuration list for PBXNativeTarget "BBNDailyUITests" */ = {
			isa = XCConfigurationList;
			buildConfigurations = (
				87507FF426E6ADEB005DDFB4 /* Debug */,
				87507FF526E6ADEB005DDFB4 /* Release */,
			);
			defaultConfigurationIsVisible = 0;
			defaultConfigurationName = Release;
		};
		877ED47D27093828007FE2E5 /* Build configuration list for PBXNativeTarget "BBNDailyWidgetExtension" */ = {
			isa = XCConfigurationList;
			buildConfigurations = (
				877ED47E27093828007FE2E5 /* Debug */,
				877ED47F27093828007FE2E5 /* Release */,
			);
			defaultConfigurationIsVisible = 0;
			defaultConfigurationName = Release;
		};
/* End XCConfigurationList section */
	};
	rootObject = 87507FBB26E6ADEA005DDFB4 /* Project object */;
}
